
Microsoft Visual Studio Solution File, Format Version 12.00
# Visual Studio Version 16
VisualStudioVersion = 16.0.31727.386
MinimumVisualStudioVersion = 10.0.40219.1
Project("{9A19103F-16F7-4668-BE54-9A1E7A4F7556}") = "ToDoApp", "ToDoApp.csproj", "{B14F6BE7-7B3C-45B0-A030-3021C3F3D2F8}"
EndProject
Global
	GlobalSection(SolutionConfigurationPlatforms) = preSolution
		Debug|Any CPU = Debug|Any CPU
		Release|Any CPU = Release|Any CPU
	EndGlobalSection
	GlobalSection(ProjectConfigurationPlatforms) = postSolution
		{B14F6BE7-7B3C-45B0-A030-3021C3F3D2F8}.Debug|Any CPU.ActiveCfg = Debug|Any CPU
		{B14F6BE7-7B3C-45B0-A030-3021C3F3D2F8}.Debug|Any CPU.Build.0 = Debug|Any CPU
		{B14F6BE7-7B3C-45B0-A030-3021C3F3D2F8}.Release|Any CPU.ActiveCfg = Release|Any CPU
		{B14F6BE7-7B3C-45B0-A030-3021C3F3D2F8}.Release|Any CPU.Build.0 = Release|Any CPU
	EndGlobalSection
	GlobalSection(SolutionProperties) = preSolution
		HideSolutionNode = FALSE
	EndGlobalSection
	GlobalSection(ExtensibilityGlobals) = postSolution
		SolutionGuid = {26265C73-E82B-4E48-936E-4B0E3B98DE10}
	EndGlobalSection
EndGlobal
